// !$*UTF8*$!
{
	archiveVersion = 1;
	classes = {
	};
	objectVersion = 46;
	objects = {

/* Begin PBXBuildFile section */
		B4A4DCE81B32EC68001311BD /* AppDelegate.swift in Sources */ = {isa = PBXBuildFile; fileRef = B4A4DCE71B32EC68001311BD /* AppDelegate.swift */; };
		B4A4DCEA1B32EC68001311BD /* ViewController.swift in Sources */ = {isa = PBXBuildFile; fileRef = B4A4DCE91B32EC68001311BD /* ViewController.swift */; };
		B4A4DCED1B32EC68001311BD /* Main.storyboard in Resources */ = {isa = PBXBuildFile; fileRef = B4A4DCEB1B32EC68001311BD /* Main.storyboard */; };
		B4A4DCEF1B32EC68001311BD /* Assets.xcassets in Resources */ = {isa = PBXBuildFile; fileRef = B4A4DCEE1B32EC68001311BD /* Assets.xcassets */; };
		B4A4DCF21B32EC68001311BD /* LaunchScreen.storyboard in Resources */ = {isa = PBXBuildFile; fileRef = B4A4DCF01B32EC68001311BD /* LaunchScreen.storyboard */; };
		B4A4DCFA1B32EC80001311BD /* TestViewController.swift in Sources */ = {isa = PBXBuildFile; fileRef = B4A4DCF91B32EC80001311BD /* TestViewController.swift */; };
/* End PBXBuildFile section */

/* Begin PBXFileReference section */
		B4A4DCE41B32EC68001311BD /* UIViewControllerHierarchyInconsistency.app */ = {isa = PBXFileReference; explicitFileType = wrapper.application; includeInIndex = 0; path = UIViewControllerHierarchyInconsistency.app; sourceTree = BUILT_PRODUCTS_DIR; };
		B4A4DCE71B32EC68001311BD /* AppDelegate.swift */ = {isa = PBXFileReference; lastKnownFileType = sourcecode.swift; path = AppDelegate.swift; sourceTree = "<group>"; };
		B4A4DCE91B32EC68001311BD /* ViewController.swift */ = {isa = PBXFileReference; lastKnownFileType = sourcecode.swift; path = ViewController.swift; sourceTree = "<group>"; };
		B4A4DCEC1B32EC68001311BD /* Base */ = {isa = PBXFileReference; lastKnownFileType = file.storyboard; name = Base; path = Base.lproj/Main.storyboard; sourceTree = "<group>"; };
		B4A4DCEE1B32EC68001311BD /* Assets.xcassets */ = {isa = PBXFileReference; lastKnownFileType = folder.assetcatalog; path = Assets.xcassets; sourceTree = "<group>"; };
		B4A4DCF11B32EC68001311BD /* Base */ = {isa = PBXFileReference; lastKnownFileType = file.storyboard; name = Base; path = Base.lproj/LaunchScreen.storyboard; sourceTree = "<group>"; };
		B4A4DCF31B32EC68001311BD /* Info.plist */ = {isa = PBXFileReference; lastKnownFileType = text.plist.xml; path = Info.plist; sourceTree = "<group>"; };
		B4A4DCF91B32EC80001311BD /* TestViewController.swift */ = {isa = PBXFileReference; fileEncoding = 4; lastKnownFileType = sourcecode.swift; path = TestViewController.swift; sourceTree = "<group>"; };
/* End PBXFileReference section */

/* Begin PBXFrameworksBuildPhase section */
		B4A4DCE11B32EC68001311BD /* Frameworks */ = {
			isa = PBXFrameworksBuildPhase;
			buildActionMask = 2147483647;
			files = (
			);
			runOnlyForDeploymentPostprocessing = 0;
		};
/* End PBXFrameworksBuildPhase section */

/* Begin PBXGroup section */
		B4A4DCDB1B32EC68001311BD = {
			isa = PBXGroup;
			children = (
				B4A4DCE61B32EC68001311BD /* UIViewControllerHierarchyInconsistency */,
				B4A4DCE51B32EC68001311BD /* Products */,
			);
			sourceTree = "<group>";
		};
		B4A4DCE51B32EC68001311BD /* Products */ = {
			isa = PBXGroup;
			children = (
				B4A4DCE41B32EC68001311BD /* UIViewControllerHierarchyInconsistency.app */,
			);
			name = Products;
			sourceTree = "<group>";
		};
		B4A4DCE61B32EC68001311BD /* UIViewControllerHierarchyInconsistency */ = {
			isa = PBXGroup;
			children = (
				B4A4DCE71B32EC68001311BD /* AppDelegate.swift */,
				B4A4DCE91B32EC68001311BD /* ViewController.swift */,
				B4A4DCEB1B32EC68001311BD /* Main.storyboard */,
				B4A4DCEE1B32EC68001311BD /* Assets.xcassets */,
				B4A4DCF01B32EC68001311BD /* LaunchScreen.storyboard */,
				B4A4DCF31B32EC68001311BD /* Info.plist */,
				B4A4DCF91B32EC80001311BD /* TestViewController.swift */,
			);
			path = UIViewControllerHierarchyInconsistency;
			sourceTree = "<group>";
		};
/* End PBXGroup section */

/* Begin PBXNativeTarget section */
		B4A4DCE31B32EC68001311BD /* UIViewControllerHierarchyInconsistency */ = {
			isa = PBXNativeTarget;
			buildConfigurationList = B4A4DCF61B32EC68001311BD /* Build configuration list for PBXNativeTarget "UIViewControllerHierarchyInconsistency" */;
			buildPhases = (
				B4A4DCE01B32EC68001311BD /* Sources */,
				B4A4DCE11B32EC68001311BD /* Frameworks */,
				B4A4DCE21B32EC68001311BD /* Resources */,
			);
			buildRules = (
			);
			dependencies = (
			);
			name = UIViewControllerHierarchyInconsistency;
			productName = UIViewControllerHierarchyInconsistency;
			productReference = B4A4DCE41B32EC68001311BD /* UIViewControllerHierarchyInconsistency.app */;
			productType = "com.apple.product-type.application";
		};
/* End PBXNativeTarget section */

/* Begin PBXProject section */
		B4A4DCDC1B32EC68001311BD /* Project object */ = {
			isa = PBXProject;
			attributes = {
				LastUpgradeCheck = 0700;
				ORGANIZATIONNAME = stoprain;
				TargetAttributes = {
					B4A4DCE31B32EC68001311BD = {
						CreatedOnToolsVersion = 7.0;
					};
				};
			};
			buildConfigurationList = B4A4DCDF1B32EC68001311BD /* Build configuration list for PBXProject "UIViewControllerHierarchyInconsistency" */;
			compatibilityVersion = "Xcode 3.2";
			developmentRegion = English;
			hasScannedForEncodings = 0;
			knownRegions = (
				en,
				Base,
			);
			mainGroup = B4A4DCDB1B32EC68001311BD;
			productRefGroup = B4A4DCE51B32EC68001311BD /* Products */;
			projectDirPath = "";
			projectRoot = "";
			targets = (
				B4A4DCE31B32EC68001311BD /* UIViewControllerHierarchyInconsistency */,
			);
		};
/* End PBXProject section */

/* Begin PBXResourcesBuildPhase section */
		B4A4DCE21B32EC68001311BD /* Resources */ = {
			isa = PBXResourcesBuildPhase;
			buildActionMask = 2147483647;
			files = (
				B4A4DCF21B32EC68001311BD /* LaunchScreen.storyboard in Resources */,
				B4A4DCEF1B32EC68001311BD /* Assets.xcassets in Resources */,
				B4A4DCED1B32EC68001311BD /* Main.storyboard in Resources */,
			);
			runOnlyForDeploymentPostprocessing = 0;
		};
/* End PBXResourcesBuildPhase section */

/* Begin PBXSourcesBuildPhase section */
		B4A4DCE01B32EC68001311BD /* Sources */ = {
			isa = PBXSourcesBuildPhase;
			buildActionMask = 2147483647;
			files = (
				B4A4DCEA1B32EC68001311BD /* ViewController.swift in Sources */,
				B4A4DCFA1B32EC80001311BD /* TestViewController.swift in Sources */,
				B4A4DCE81B32EC68001311BD /* AppDelegate.swift in Sources */,
			);
			runOnlyForDeploymentPostprocessing = 0;
		};
/* End PBXSourcesBuildPhase section */

/* Begin PBXVariantGroup section */
		B4A4DCEB1B32EC68001311BD /* Main.storyboard */ = {
			isa = PBXVariantGroup;
			children = (
				B4A4DCEC1B32EC68001311BD /* Base */,
			);
			name = Main.storyboard;
			sourceTree = "<group>";
		};
		B4A4DCF01B32EC68001311BD /* LaunchScreen.storyboard */ = {
			isa = PBXVariantGroup;
			children = (
				B4A4DCF11B32EC68001311BD /* Base */,
			);
			name = LaunchScreen.storyboard;
			sourceTree = "<group>";
		};
/* End PBXVariantGroup section */

/* Begin XCBuildConfiguration section */
		B4A4DCF41B32EC68001311BD /* Debug */ = {
			isa = XCBuildConfiguration;
			buildSettings = {
				ALWAYS_SEARCH_USER_PATHS = NO;
				CLANG_CXX_LANGUAGE_STANDARD = "gnu++0x";
				CLANG_CXX_LIBRARY = "libc++";
				CLANG_ENABLE_MODULES = YES;
				CLANG_ENABLE_OBJC_ARC = YES;
				CLANG_WARN_BOOL_CONVERSION = YES;
				CLANG_WARN_CONSTANT_CONVERSION = YES;
				CLANG_WARN_DIRECT_OBJC_ISA_USAGE = YES_ERROR;
				CLANG_WARN_EMPTY_BODY = YES;
				CLANG_WARN_ENUM_CONVERSION = YES;
				CLANG_WARN_INT_CONVERSION = YES;
				CLANG_WARN_OBJC_ROOT_CLASS = YES_ERROR;
				CLANG_WARN_UNREACHABLE_CODE = YES;
				CLANG_WARN__DUPLICATE_METHOD_MATCH = YES;
				"CODE_SIGN_IDENTITY[sdk=iphoneos*]" = "iPhone Developer";
				COPY_PHASE_STRIP = NO;
				DEBUG_INFORMATION_FORMAT = dwarf;
				ENABLE_STRICT_OBJC_MSGSEND = YES;
				ENABLE_TESTABILITY = YES;
				GCC_C_LANGUAGE_STANDARD = gnu99;
				GCC_DYNAMIC_NO_PIC = NO;
				GCC_NO_COMMON_BLOCKS = YES;
				GCC_OPTIMIZATION_LEVEL = 0;
				GCC_PREPROCESSOR_DEFINITIONS = (
					"DEBUG=1",
					"$(inherited)",
				);
				GCC_WARN_64_TO_32_BIT_CONVERSION = YES;
				GCC_WARN_ABOUT_RETURN_TYPE = YES_ERROR;
				GCC_WARN_UNDECLARED_SELECTOR = YES;
				GCC_WARN_UNINITIALIZED_AUTOS = YES_AGGRESSIVE;
				GCC_WARN_UNUSED_FUNCTION = YES;
				GCC_WARN_UNUSED_VARIABLE = YES;
				IPHONEOS_DEPLOYMENT_TARGET = 9.0;
				MTL_ENABLE_DEBUG_INFO = YES;
				ONLY_ACTIVE_ARCH = YES;
				SDKROOT = iphoneos;
				SWIFT_OPTIMIZATION_LEVEL = "-Onone";
			};
			name = Debug;
		};
		B4A4DCF51B32EC68001311BD /* Release */ = {
			isa = XCBuildConfiguration;
			buildSettings = {
				ALWAYS_SEARCH_USER_PATHS = NO;
				CLANG_CXX_LANGUAGE_STANDARD = "gnu++0x";
				CLANG_CXX_LIBRARY = "libc++";
				CLANG_ENABLE_MODULES = YES;
				CLANG_ENABLE_OBJC_ARC = YES;
				CLANG_WARN_BOOL_CONVERSION = YES;
				CLANG_WARN_CONSTANT_CONVERSION = YES;
				CLANG_WARN_DIRECT_OBJC_ISA_USAGE = YES_ERROR;
				CLANG_WARN_EMPTY_BODY = YES;
				CLANG_WARN_ENUM_CONVERSION = YES;
				CLANG_WARN_INT_CONVERSION = YES;
				CLANG_WARN_OBJC_ROOT_CLASS = YES_ERROR;
				CLANG_WARN_UNREACHABLE_CODE = YES;
				CLANG_WARN__DUPLICATE_METHOD_MATCH = YES;
				"CODE_SIGN_IDENTITY[sdk=iphoneos*]" = "iPhone Developer";
				COPY_PHASE_STRIP = NO;
				DEBUG_INFORMATION_FORMAT = "dwarf-with-dsym";
				ENABLE_NS_ASSERTIONS = NO;
				ENABLE_STRICT_OBJC_MSGSEND = YES;
				GCC_C_LANGUAGE_STANDARD = gnu99;
				GCC_NO_COMMON_BLOCKS = YES;
				GCC_WARN_64_TO_32_BIT_CONVERSION = YES;
				GCC_WARN_ABOUT_RETURN_TYPE = YES_ERROR;
				GCC_WARN_UNDECLARED_SELECTOR = YES;
				GCC_WARN_UNINITIALIZED_AUTOS = YES_AGGRESSIVE;
				GCC_WARN_UNUSED_FUNCTION = YES;
				GCC_WARN_UNUSED_VARIABLE = YES;
				IPHONEOS_DEPLOYMENT_TARGET = 9.0;
				MTL_ENABLE_DEBUG_INFO = NO;
				SDKROOT = iphoneos;
				VALIDATE_PRODUCT = YES;
			};
			name = Release;
		};
		B4A4DCF71B32EC68001311BD /* Debug */ = {
			isa = XCBuildConfiguration;
			buildSettings = {
				ASSETCATALOG_COMPILER_APPICON_NAME = AppIcon;
				INFOPLIST_FILE = UIViewControllerHierarchyInconsistency/Info.plist;
				LD_RUNPATH_SEARCH_PATHS = "$(inherited) @executable_path/Frameworks";
				PRODUCT_BUNDLE_IDENTIFIER = net.stoprain.UIViewControllerHierarchyInconsistency;
				PRODUCT_NAME = "$(TARGET_NAME)";
			};
			name = Debug;
		};
		B4A4DCF81B32EC68001311BD /* Release */ = {
			isa = XCBuildConfiguration;
			buildSettings = {
				ASSETCATALOG_COMPILER_APPICON_NAME = AppIcon;
				INFOPLIST_FILE = UIViewControllerHierarchyInconsistency/Info.plist;
				LD_RUNPATH_SEARCH_PATHS = "$(inherited) @executable_path/Frameworks";
				PRODUCT_BUNDLE_IDENTIFIER = net.stoprain.UIViewControllerHierarchyInconsistency;
				PRODUCT_NAME = "$(TARGET_NAME)";
			};
			name = Release;
		};
/* End XCBuildConfiguration section */

/* Begin XCConfigurationList section */
		B4A4DCDF1B32EC68001311BD /* Build configuration list for PBXProject "UIViewControllerHierarchyInconsistency" */ = {
			isa = XCConfigurationList;
			buildConfigurations = (
				B4A4DCF41B32EC68001311BD /* Debug */,
				B4A4DCF51B32EC68001311BD /* Release */,
			);
			defaultConfigurationIsVisible = 0;
			defaultConfigurationName = Release;
		};
		B4A4DCF61B32EC68001311BD /* Build configuration list for PBXNativeTarget "UIViewControllerHierarchyInconsistency" */ = {
			isa = XCConfigurationList;
			buildConfigurations = (
				B4A4DCF71B32EC68001311BD /* Debug */,
				B4A4DCF81B32EC68001311BD /* Release */,
			);
			defaultConfigurationIsVisible = 0;
		};
/* End XCConfigurationList section */
	};
	rootObject = B4A4DCDC1B32EC68001311BD /* Project object */;
}
